lockfileVersion: 5.4

specifiers:
  chrome-types: ^0.1.156
  typescript: ^4.9.4

devDependencies:
  chrome-types: 0.1.156
  typescript: 4.9.4

packages:

  /chrome-types/0.1.156:
    resolution: {integrity: sha512-ssCkUQ3G9pcAcgBoLIueE1B9BOTtPspnnVNUl5OHKrrL7ABGCI9El8+9XRyztggfATFS0nrIuzjGyLYeltH+fw==}
    dev: true

  /typescript/4.9.4:
    resolution: {integrity: sha512-Uz+dTXYzxXXbsFpM86Wh3dKCxrQqUcVMxwU54orwlJjOpO3ao8L7j5lH+dWfTwgCwIuM9GQ2kvVotzYJMXTBZg==}
    engines: {node: '>=4.2.0'}
    hasBin: true
    dev: true
