{
  "nodes": {
    "nixpkgs": {
      "locked": {
        "lastModified": 1781359544,
        "narHash": "sha256-iUuzKQcyXvopYDDzFpMK5eQKP3WIJExYny2kJtbgUcE=",
        "owner": "nixos",
        "repo": "nixpkgs",
        "rev": "9f11f828c213641c2369a9f1fa31fe31557e3156",
        "type": "github"
      },
      "original": {
        "owner": "nixos",
        "ref": "nixpkgs-unstable",
        "repo": "nixpkgs",
        "type": "github"
      }
    },
    "root": {
      "inputs": {
        "nixpkgs": "nixpkgs",
        "sommelier-rs-src": "sommelier-rs-src"
      }
    },
    "sommelier-rs-src": {
      "flake": false,
      "locked": {
        "lastModified": 1781216912,
        "narHash": "sha256-9qzc0xqODQZao+rk71kexo8NDhDfvIteaeKYg+YkLk0=",
        "owner": "google",
        "repo": "sommelier-rs",
        "rev": "16463fc6872b88433b3b3690f0b8e8c92e5556e6",
        "type": "github"
      },
      "original": {
        "owner": "google",
        "ref": "virtwl",
        "repo": "sommelier-rs",
        "type": "github"
      }
    }
  },
  "root": "root",
  "version": 7
}
