{
  "nodes": {
    "nixpkgs": {
      "locked": {
        "lastModified": 1780930886,
        "narHash": "sha256-rppURzHviaQN131F+nLiLdGfcb0uCd9gGP0E5+iw9MI=",
        "rev": "8c3cede7ddc26bd659d2d383b5610efbd2c7a16e",
        "revCount": 1012902,
        "type": "tarball",
        "url": "https://api.flakehub.com/f/pinned/DeterminateSystems/nixpkgs-weekly/0.1.1012902%2Brev-8c3cede7ddc26bd659d2d383b5610efbd2c7a16e/019eab22-bd1e-7e40-b919-277db893c789/source.tar.gz"
      },
      "original": {
        "type": "tarball",
        "url": "https://flakehub.com/f/DeterminateSystems/nixpkgs-weekly/0.1"
      }
    },
    "root": {
      "inputs": {
        "nixpkgs": "nixpkgs",
        "sommelier-rs-src": "sommelier-rs-src"
      }
    },
    "sommelier-rs-src": {
      "flake": false,
      "locked": {
        "lastModified": 1781216912,
        "narHash": "sha256-9qzc0xqODQZao+rk71kexo8NDhDfvIteaeKYg+YkLk0=",
        "owner": "google",
        "repo": "sommelier-rs",
        "rev": "16463fc6872b88433b3b3690f0b8e8c92e5556e6",
        "type": "github"
      },
      "original": {
        "owner": "google",
        "ref": "virtwl",
        "repo": "sommelier-rs",
        "type": "github"
      }
    }
  },
  "root": "root",
  "version": 7
}
